
Microsoft Visual Studio Solution File, Format Version 12.00
# Visual Studio Version 16
VisualStudioVersion = 16.0.30717.126
MinimumVisualStudioVersion = 10.0.40219.1
Project("{9A19103F-16F7-4668-BE54-9A1E7A4F7556}") = "webstarter", "src\webstarter\webstarter.csproj", "{25017078-BDD0-45DB-B622-1E0F45A403B6}"
EndProject
Project("{2150E333-8FDC-42A3-9474-1A3956D46DE8}") = "v.foundation", "v.foundation", "{212AAB47-05AD-4C25-A412-14636AE0EDB6}"
EndProject
Project("{2150E333-8FDC-42A3-9474-1A3956D46DE8}") = "2.domain", "2.domain", "{04C28EDC-6EF4-4AAA-8D92-AF797EE53A6A}"
EndProject
Project("{2150E333-8FDC-42A3-9474-1A3956D46DE8}") = "3.facade", "3.facade", "{6249983F-7CF5-46CB-BB70-A585ACC30046}"
EndProject
Project("{9A19103F-16F7-4668-BE54-9A1E7A4F7556}") = "foundation", "src\foundation\foundation.csproj", "{4DDA4978-D114-4D29-8163-97E6493BA084}"
EndProject
Project("{9A19103F-16F7-4668-BE54-9A1E7A4F7556}") = "domain", "src\domain\domain.csproj", "{CC986B4E-ACC1-4F8B-9B91-68868E6865E0}"
EndProject
Project("{9A19103F-16F7-4668-BE54-9A1E7A4F7556}") = "irespository", "src\irespository\irespository.csproj", "{9A2B0DE6-DF80-4C8E-B1F1-91ADD94A6F5C}"
EndProject
Project("{9A19103F-16F7-4668-BE54-9A1E7A4F7556}") = "service", "src\service\service.csproj", "{F8904D89-8187-4E9D-B4F2-DA833F271168}"
EndProject
Project("{9A19103F-16F7-4668-BE54-9A1E7A4F7556}") = "respository", "src\respository\respository.csproj", "{0F1134D0-DFCE-4870-B8FD-06888A973328}"
EndProject
Project("{9A19103F-16F7-4668-BE54-9A1E7A4F7556}") = "iservice", "src\iservice\iservice.csproj", "{5C22208C-9EFC-4D1B-AA1F-9E4E18FF9D7E}"
EndProject
Project("{2150E333-8FDC-42A3-9474-1A3956D46DE8}") = "3.implementation", "3.implementation", "{43E0CEA0-49D0-43B1-9630-46C7192743E2}"
EndProject
Project("{9A19103F-16F7-4668-BE54-9A1E7A4F7556}") = "apitest", "src\apitest\apitest.csproj", "{6AF3AE1E-AD72-4492-891F-5F45C73861C2}"
EndProject
Project("{9A19103F-16F7-4668-BE54-9A1E7A4F7556}") = "webstarter.hospital", "src\webstarter.hospital\webstarter.hospital.csproj", "{288EB704-885C-4B54-B98D-1FE62B7F4508}"
EndProject
Project("{9A19103F-16F7-4668-BE54-9A1E7A4F7556}") = "apitest.hospital", "src\apitest.hospital\apitest.hospital.csproj", "{DCF8C6C9-55F9-4844-9D48-400F5929CCF4}"
EndProject
Project("{9A19103F-16F7-4668-BE54-9A1E7A4F7556}") = "webstarter.client", "src\webstarter.client\webstarter.client.csproj", "{EE3681EF-AE79-4599-A4D9-E364784FDE3F}"
EndProject
Project("{9A19103F-16F7-4668-BE54-9A1E7A4F7556}") = "apitest.client", "src\apitest.client\apitest.client.csproj", "{6214F13C-1FDC-4442-9A86-BB3C4BC499CE}"
EndProject
Project("{9A19103F-16F7-4668-BE54-9A1E7A4F7556}") = "domain.bff", "src\domain.bff\domain.bff.csproj", "{CFCF2B73-35B5-446B-BE1D-3C99C36AC2BD}"
EndProject
Project("{2150E333-8FDC-42A3-9474-1A3956D46DE8}") = "v.starter", "v.starter", "{2C2CC1B4-CF38-4F8B-9B7C-5DAEAD239557}"
EndProject
Project("{2150E333-8FDC-42A3-9474-1A3956D46DE8}") = "v.test", "v.test", "{EFD9C581-44F3-403A-92C3-62E042E3DAC4}"
EndProject
Project("{2150E333-8FDC-42A3-9474-1A3956D46DE8}") = "temp", "temp", "{4925F3BA-82BB-4AEB-B930-3E3EDEF4A8AC}"
EndProject
Project("{2150E333-8FDC-42A3-9474-1A3956D46DE8}") = "3.storage", "3.storage", "{29429B3E-CB2B-4256-B79F-8FE266A1C16F}"
EndProject
Project("{9A19103F-16F7-4668-BE54-9A1E7A4F7556}") = "storage", "src\storage\storage.csproj", "{49B22CE6-3E0B-4229-8B8F-75377F4F3BFC}"
EndProject
Project("{9A19103F-16F7-4668-BE54-9A1E7A4F7556}") = "storage.carrier", "src\storage.carrier\storage.carrier.csproj", "{165D803C-9A7E-4B5F-B978-433A694EBB0A}"
EndProject
Project("{2150E333-8FDC-42A3-9474-1A3956D46DE8}") = "v2020", "v2020", "{7C020F78-CF8C-43E7-BBF5-185ED212791D}"
EndProject
Project("{2150E333-8FDC-42A3-9474-1A3956D46DE8}") = "v2021.5", "v2021.5", "{6E812523-0FDA-4884-A19C-4A5FD4146557}"
EndProject
Project("{9A19103F-16F7-4668-BE54-9A1E7A4F7556}") = "client.domain.v2", "src\client.domain.v2\client.domain.v2.csproj", "{6D8FA4B6-BDD2-4170-A8E4-826FB6C08528}"
EndProject
Project("{9A19103F-16F7-4668-BE54-9A1E7A4F7556}") = "client.storage.v2", "src\client.storage.v2\client.storage.v2.csproj", "{20110C49-6956-4C3B-A82A-B51F6C5D111F}"
EndProject
Project("{9A19103F-16F7-4668-BE54-9A1E7A4F7556}") = "client.storage.adapter.v2", "src\client.storage.adapter.v2\client.storage.adapter.v2.csproj", "{DF669182-BA1B-4399-B764-5DB0E4895419}"
EndProject
Project("{9A19103F-16F7-4668-BE54-9A1E7A4F7556}") = "client.storage.qurable.v2", "src\client.storage.qurable.v2\client.storage.qurable.v2.csproj", "{E67BFC61-931C-49F2-A21E-9C83E34B2708}"
EndProject
Global
	GlobalSection(SolutionConfigurationPlatforms) = preSolution
		Debug|Any CPU = Debug|Any CPU
		Release|Any CPU = Release|Any CPU
	EndGlobalSection
	GlobalSection(ProjectConfigurationPlatforms) = postSolution
		{25017078-BDD0-45DB-B622-1E0F45A403B6}.Debug|Any CPU.ActiveCfg = Debug|Any CPU
		{25017078-BDD0-45DB-B622-1E0F45A403B6}.Debug|Any CPU.Build.0 = Debug|Any CPU
		{25017078-BDD0-45DB-B622-1E0F45A403B6}.Release|Any CPU.ActiveCfg = Release|Any CPU
		{25017078-BDD0-45DB-B622-1E0F45A403B6}.Release|Any CPU.Build.0 = Release|Any CPU
		{4DDA4978-D114-4D29-8163-97E6493BA084}.Debug|Any CPU.ActiveCfg = Debug|Any CPU
		{4DDA4978-D114-4D29-8163-97E6493BA084}.Debug|Any CPU.Build.0 = Debug|Any CPU
		{4DDA4978-D114-4D29-8163-97E6493BA084}.Release|Any CPU.ActiveCfg = Release|Any CPU
		{4DDA4978-D114-4D29-8163-97E6493BA084}.Release|Any CPU.Build.0 = Release|Any CPU
		{CC986B4E-ACC1-4F8B-9B91-68868E6865E0}.Debug|Any CPU.ActiveCfg = Debug|Any CPU
		{CC986B4E-ACC1-4F8B-9B91-68868E6865E0}.Debug|Any CPU.Build.0 = Debug|Any CPU
		{CC986B4E-ACC1-4F8B-9B91-68868E6865E0}.Release|Any CPU.ActiveCfg = Release|Any CPU
		{CC986B4E-ACC1-4F8B-9B91-68868E6865E0}.Release|Any CPU.Build.0 = Release|Any CPU
		{9A2B0DE6-DF80-4C8E-B1F1-91ADD94A6F5C}.Debug|Any CPU.ActiveCfg = Debug|Any CPU
		{9A2B0DE6-DF80-4C8E-B1F1-91ADD94A6F5C}.Debug|Any CPU.Build.0 = Debug|Any CPU
		{9A2B0DE6-DF80-4C8E-B1F1-91ADD94A6F5C}.Release|Any CPU.ActiveCfg = Release|Any CPU
		{9A2B0DE6-DF80-4C8E-B1F1-91ADD94A6F5C}.Release|Any CPU.Build.0 = Release|Any CPU
		{F8904D89-8187-4E9D-B4F2-DA833F271168}.Debug|Any CPU.ActiveCfg = Debug|Any CPU
		{F8904D89-8187-4E9D-B4F2-DA833F271168}.Debug|Any CPU.Build.0 = Debug|Any CPU
		{F8904D89-8187-4E9D-B4F2-DA833F271168}.Release|Any CPU.ActiveCfg = Release|Any CPU
		{F8904D89-8187-4E9D-B4F2-DA833F271168}.Release|Any CPU.Build.0 = Release|Any CPU
		{0F1134D0-DFCE-4870-B8FD-06888A973328}.Debug|Any CPU.ActiveCfg = Debug|Any CPU
		{0F1134D0-DFCE-4870-B8FD-06888A973328}.Debug|Any CPU.Build.0 = Debug|Any CPU
		{0F1134D0-DFCE-4870-B8FD-06888A973328}.Release|Any CPU.ActiveCfg = Release|Any CPU
		{0F1134D0-DFCE-4870-B8FD-06888A973328}.Release|Any CPU.Build.0 = Release|Any CPU
		{5C22208C-9EFC-4D1B-AA1F-9E4E18FF9D7E}.Debug|Any CPU.ActiveCfg = Debug|Any CPU
		{5C22208C-9EFC-4D1B-AA1F-9E4E18FF9D7E}.Debug|Any CPU.Build.0 = Debug|Any CPU
		{5C22208C-9EFC-4D1B-AA1F-9E4E18FF9D7E}.Release|Any CPU.ActiveCfg = Release|Any CPU
		{5C22208C-9EFC-4D1B-AA1F-9E4E18FF9D7E}.Release|Any CPU.Build.0 = Release|Any CPU
		{6AF3AE1E-AD72-4492-891F-5F45C73861C2}.Debug|Any CPU.ActiveCfg = Debug|Any CPU
		{6AF3AE1E-AD72-4492-891F-5F45C73861C2}.Debug|Any CPU.Build.0 = Debug|Any CPU
		{6AF3AE1E-AD72-4492-891F-5F45C73861C2}.Release|Any CPU.ActiveCfg = Release|Any CPU
		{6AF3AE1E-AD72-4492-891F-5F45C73861C2}.Release|Any CPU.Build.0 = Release|Any CPU
		{288EB704-885C-4B54-B98D-1FE62B7F4508}.Debug|Any CPU.ActiveCfg = Debug|Any CPU
		{288EB704-885C-4B54-B98D-1FE62B7F4508}.Debug|Any CPU.Build.0 = Debug|Any CPU
		{288EB704-885C-4B54-B98D-1FE62B7F4508}.Release|Any CPU.ActiveCfg = Release|Any CPU
		{288EB704-885C-4B54-B98D-1FE62B7F4508}.Release|Any CPU.Build.0 = Release|Any CPU
		{DCF8C6C9-55F9-4844-9D48-400F5929CCF4}.Debug|Any CPU.ActiveCfg = Debug|Any CPU
		{DCF8C6C9-55F9-4844-9D48-400F5929CCF4}.Debug|Any CPU.Build.0 = Debug|Any CPU
		{DCF8C6C9-55F9-4844-9D48-400F5929CCF4}.Release|Any CPU.ActiveCfg = Release|Any CPU
		{DCF8C6C9-55F9-4844-9D48-400F5929CCF4}.Release|Any CPU.Build.0 = Release|Any CPU
		{EE3681EF-AE79-4599-A4D9-E364784FDE3F}.Debug|Any CPU.ActiveCfg = Debug|Any CPU
		{EE3681EF-AE79-4599-A4D9-E364784FDE3F}.Debug|Any CPU.Build.0 = Debug|Any CPU
		{EE3681EF-AE79-4599-A4D9-E364784FDE3F}.Release|Any CPU.ActiveCfg = Release|Any CPU
		{EE3681EF-AE79-4599-A4D9-E364784FDE3F}.Release|Any CPU.Build.0 = Release|Any CPU
		{6214F13C-1FDC-4442-9A86-BB3C4BC499CE}.Debug|Any CPU.ActiveCfg = Debug|Any CPU
		{6214F13C-1FDC-4442-9A86-BB3C4BC499CE}.Debug|Any CPU.Build.0 = Debug|Any CPU
		{6214F13C-1FDC-4442-9A86-BB3C4BC499CE}.Release|Any CPU.ActiveCfg = Release|Any CPU
		{6214F13C-1FDC-4442-9A86-BB3C4BC499CE}.Release|Any CPU.Build.0 = Release|Any CPU
		{CFCF2B73-35B5-446B-BE1D-3C99C36AC2BD}.Debug|Any CPU.ActiveCfg = Debug|Any CPU
		{CFCF2B73-35B5-446B-BE1D-3C99C36AC2BD}.Debug|Any CPU.Build.0 = Debug|Any CPU
		{CFCF2B73-35B5-446B-BE1D-3C99C36AC2BD}.Release|Any CPU.ActiveCfg = Release|Any CPU
		{CFCF2B73-35B5-446B-BE1D-3C99C36AC2BD}.Release|Any CPU.Build.0 = Release|Any CPU
		{49B22CE6-3E0B-4229-8B8F-75377F4F3BFC}.Debug|Any CPU.ActiveCfg = Debug|Any CPU
		{49B22CE6-3E0B-4229-8B8F-75377F4F3BFC}.Debug|Any CPU.Build.0 = Debug|Any CPU
		{49B22CE6-3E0B-4229-8B8F-75377F4F3BFC}.Release|Any CPU.ActiveCfg = Release|Any CPU
		{49B22CE6-3E0B-4229-8B8F-75377F4F3BFC}.Release|Any CPU.Build.0 = Release|Any CPU
		{165D803C-9A7E-4B5F-B978-433A694EBB0A}.Debug|Any CPU.ActiveCfg = Debug|Any CPU
		{165D803C-9A7E-4B5F-B978-433A694EBB0A}.Debug|Any CPU.Build.0 = Debug|Any CPU
		{165D803C-9A7E-4B5F-B978-433A694EBB0A}.Release|Any CPU.ActiveCfg = Release|Any CPU
		{165D803C-9A7E-4B5F-B978-433A694EBB0A}.Release|Any CPU.Build.0 = Release|Any CPU
		{6D8FA4B6-BDD2-4170-A8E4-826FB6C08528}.Debug|Any CPU.ActiveCfg = Debug|Any CPU
		{6D8FA4B6-BDD2-4170-A8E4-826FB6C08528}.Debug|Any CPU.Build.0 = Debug|Any CPU
		{6D8FA4B6-BDD2-4170-A8E4-826FB6C08528}.Release|Any CPU.ActiveCfg = Release|Any CPU
		{6D8FA4B6-BDD2-4170-A8E4-826FB6C08528}.Release|Any CPU.Build.0 = Release|Any CPU
		{20110C49-6956-4C3B-A82A-B51F6C5D111F}.Debug|Any CPU.ActiveCfg = Debug|Any CPU
		{20110C49-6956-4C3B-A82A-B51F6C5D111F}.Debug|Any CPU.Build.0 = Debug|Any CPU
		{20110C49-6956-4C3B-A82A-B51F6C5D111F}.Release|Any CPU.ActiveCfg = Release|Any CPU
		{20110C49-6956-4C3B-A82A-B51F6C5D111F}.Release|Any CPU.Build.0 = Release|Any CPU
		{DF669182-BA1B-4399-B764-5DB0E4895419}.Debug|Any CPU.ActiveCfg = Debug|Any CPU
		{DF669182-BA1B-4399-B764-5DB0E4895419}.Debug|Any CPU.Build.0 = Debug|Any CPU
		{DF669182-BA1B-4399-B764-5DB0E4895419}.Release|Any CPU.ActiveCfg = Release|Any CPU
		{DF669182-BA1B-4399-B764-5DB0E4895419}.Release|Any CPU.Build.0 = Release|Any CPU
		{E67BFC61-931C-49F2-A21E-9C83E34B2708}.Debug|Any CPU.ActiveCfg = Debug|Any CPU
		{E67BFC61-931C-49F2-A21E-9C83E34B2708}.Debug|Any CPU.Build.0 = Debug|Any CPU
		{E67BFC61-931C-49F2-A21E-9C83E34B2708}.Release|Any CPU.ActiveCfg = Release|Any CPU
		{E67BFC61-931C-49F2-A21E-9C83E34B2708}.Release|Any CPU.Build.0 = Release|Any CPU
	EndGlobalSection
	GlobalSection(SolutionProperties) = preSolution
		HideSolutionNode = FALSE
	EndGlobalSection
	GlobalSection(NestedProjects) = preSolution
		{25017078-BDD0-45DB-B622-1E0F45A403B6} = {2C2CC1B4-CF38-4F8B-9B7C-5DAEAD239557}
		{04C28EDC-6EF4-4AAA-8D92-AF797EE53A6A} = {7C020F78-CF8C-43E7-BBF5-185ED212791D}
		{6249983F-7CF5-46CB-BB70-A585ACC30046} = {4925F3BA-82BB-4AEB-B930-3E3EDEF4A8AC}
		{4DDA4978-D114-4D29-8163-97E6493BA084} = {212AAB47-05AD-4C25-A412-14636AE0EDB6}
		{CC986B4E-ACC1-4F8B-9B91-68868E6865E0} = {04C28EDC-6EF4-4AAA-8D92-AF797EE53A6A}
		{9A2B0DE6-DF80-4C8E-B1F1-91ADD94A6F5C} = {6249983F-7CF5-46CB-BB70-A585ACC30046}
		{F8904D89-8187-4E9D-B4F2-DA833F271168} = {43E0CEA0-49D0-43B1-9630-46C7192743E2}
		{0F1134D0-DFCE-4870-B8FD-06888A973328} = {43E0CEA0-49D0-43B1-9630-46C7192743E2}
		{5C22208C-9EFC-4D1B-AA1F-9E4E18FF9D7E} = {6249983F-7CF5-46CB-BB70-A585ACC30046}
		{43E0CEA0-49D0-43B1-9630-46C7192743E2} = {4925F3BA-82BB-4AEB-B930-3E3EDEF4A8AC}
		{6AF3AE1E-AD72-4492-891F-5F45C73861C2} = {EFD9C581-44F3-403A-92C3-62E042E3DAC4}
		{288EB704-885C-4B54-B98D-1FE62B7F4508} = {2C2CC1B4-CF38-4F8B-9B7C-5DAEAD239557}
		{DCF8C6C9-55F9-4844-9D48-400F5929CCF4} = {EFD9C581-44F3-403A-92C3-62E042E3DAC4}
		{EE3681EF-AE79-4599-A4D9-E364784FDE3F} = {2C2CC1B4-CF38-4F8B-9B7C-5DAEAD239557}
		{6214F13C-1FDC-4442-9A86-BB3C4BC499CE} = {EFD9C581-44F3-403A-92C3-62E042E3DAC4}
		{CFCF2B73-35B5-446B-BE1D-3C99C36AC2BD} = {04C28EDC-6EF4-4AAA-8D92-AF797EE53A6A}
		{4925F3BA-82BB-4AEB-B930-3E3EDEF4A8AC} = {7C020F78-CF8C-43E7-BBF5-185ED212791D}
		{29429B3E-CB2B-4256-B79F-8FE266A1C16F} = {7C020F78-CF8C-43E7-BBF5-185ED212791D}
		{49B22CE6-3E0B-4229-8B8F-75377F4F3BFC} = {29429B3E-CB2B-4256-B79F-8FE266A1C16F}
		{165D803C-9A7E-4B5F-B978-433A694EBB0A} = {29429B3E-CB2B-4256-B79F-8FE266A1C16F}
		{6D8FA4B6-BDD2-4170-A8E4-826FB6C08528} = {6E812523-0FDA-4884-A19C-4A5FD4146557}
		{20110C49-6956-4C3B-A82A-B51F6C5D111F} = {6E812523-0FDA-4884-A19C-4A5FD4146557}
		{DF669182-BA1B-4399-B764-5DB0E4895419} = {6E812523-0FDA-4884-A19C-4A5FD4146557}
		{E67BFC61-931C-49F2-A21E-9C83E34B2708} = {6E812523-0FDA-4884-A19C-4A5FD4146557}
	EndGlobalSection
	GlobalSection(ExtensibilityGlobals) = postSolution
		SolutionGuid = {C6653060-E55E-44F1-8F66-F383F05E792D}
	EndGlobalSection
EndGlobal
