
Microsoft Visual Studio Solution File, Format Version 12.00
# Visual Studio Version 16
VisualStudioVersion = 16.0.30717.126
MinimumVisualStudioVersion = 10.0.40219.1
Project("{9A19103F-16F7-4668-BE54-9A1E7A4F7556}") = "webstarter", "src\webstarter\webstarter.csproj", "{25017078-BDD0-45DB-B622-1E0F45A403B6}"
EndProject
Project("{2150E333-8FDC-42A3-9474-1A3956D46DE8}") = "1.foundation", "1.foundation", "{212AAB47-05AD-4C25-A412-14636AE0EDB6}"
EndProject
Project("{2150E333-8FDC-42A3-9474-1A3956D46DE8}") = "2.domain", "2.domain", "{04C28EDC-6EF4-4AAA-8D92-AF797EE53A6A}"
EndProject
Project("{2150E333-8FDC-42A3-9474-1A3956D46DE8}") = "3.facade", "3.facade", "{6249983F-7CF5-46CB-BB70-A585ACC30046}"
EndProject
Project("{9A19103F-16F7-4668-BE54-9A1E7A4F7556}") = "foundation", "src\foundation\foundation.csproj", "{4DDA4978-D114-4D29-8163-97E6493BA084}"
EndProject
Project("{9A19103F-16F7-4668-BE54-9A1E7A4F7556}") = "domain", "src\domain\domain.csproj", "{CC986B4E-ACC1-4F8B-9B91-68868E6865E0}"
EndProject
Project("{9A19103F-16F7-4668-BE54-9A1E7A4F7556}") = "irespository", "src\irespository\irespository.csproj", "{9A2B0DE6-DF80-4C8E-B1F1-91ADD94A6F5C}"
EndProject
Project("{9A19103F-16F7-4668-BE54-9A1E7A4F7556}") = "service", "src\service\service.csproj", "{F8904D89-8187-4E9D-B4F2-DA833F271168}"
EndProject
Project("{9A19103F-16F7-4668-BE54-9A1E7A4F7556}") = "respository", "src\respository\respository.csproj", "{0F1134D0-DFCE-4870-B8FD-06888A973328}"
EndProject
Project("{9A19103F-16F7-4668-BE54-9A1E7A4F7556}") = "iservice", "src\iservice\iservice.csproj", "{5C22208C-9EFC-4D1B-AA1F-9E4E18FF9D7E}"
EndProject
Project("{2150E333-8FDC-42A3-9474-1A3956D46DE8}") = "3.implementation", "3.implementation", "{43E0CEA0-49D0-43B1-9630-46C7192743E2}"
EndProject
Project("{9A19103F-16F7-4668-BE54-9A1E7A4F7556}") = "apitest", "src\apitest\apitest.csproj", "{6AF3AE1E-AD72-4492-891F-5F45C73861C2}"
EndProject
Project("{9A19103F-16F7-4668-BE54-9A1E7A4F7556}") = "webstarter.hospital", "src\webstarter.hospital\webstarter.hospital.csproj", "{288EB704-885C-4B54-B98D-1FE62B7F4508}"
EndProject
Project("{9A19103F-16F7-4668-BE54-9A1E7A4F7556}") = "apitest.hospital", "src\apitest.hospital\apitest.hospital.csproj", "{DCF8C6C9-55F9-4844-9D48-400F5929CCF4}"
EndProject
Project("{9A19103F-16F7-4668-BE54-9A1E7A4F7556}") = "webstarter.client", "src\webstarter.client\webstarter.client.csproj", "{EE3681EF-AE79-4599-A4D9-E364784FDE3F}"
EndProject
Project("{9A19103F-16F7-4668-BE54-9A1E7A4F7556}") = "apitest.client", "src\apitest.client\apitest.client.csproj", "{6214F13C-1FDC-4442-9A86-BB3C4BC499CE}"
EndProject
Project("{9A19103F-16F7-4668-BE54-9A1E7A4F7556}") = "webstarter.mq", "src\webstarter.mq\webstarter.mq.csproj", "{D2874BF0-C839-4427-BA5E-DD64CC06B611}"
EndProject
Project("{2150E333-8FDC-42A3-9474-1A3956D46DE8}") = "4.handler", "4.handler", "{06E20EE9-6078-4A8D-92C3-A99F987F3523}"
EndProject
Project("{9A19103F-16F7-4668-BE54-9A1E7A4F7556}") = "mediator", "src\mediator\mediator.csproj", "{CFCF2B73-35B5-446B-BE1D-3C99C36AC2BD}"
EndProject
Project("{2150E333-8FDC-42A3-9474-1A3956D46DE8}") = "5.facade", "5.facade", "{2C2CC1B4-CF38-4F8B-9B7C-5DAEAD239557}"
EndProject
Project("{2150E333-8FDC-42A3-9474-1A3956D46DE8}") = "6.apitest", "6.apitest", "{EFD9C581-44F3-403A-92C3-62E042E3DAC4}"
EndProject
Project("{2150E333-8FDC-42A3-9474-1A3956D46DE8}") = "3.temp", "3.temp", "{4925F3BA-82BB-4AEB-B930-3E3EDEF4A8AC}"
EndProject
Global
	GlobalSection(SolutionConfigurationPlatforms) = preSolution
		Debug|Any CPU = Debug|Any CPU
		Release|Any CPU = Release|Any CPU
	EndGlobalSection
	GlobalSection(ProjectConfigurationPlatforms) = postSolution
		{25017078-BDD0-45DB-B622-1E0F45A403B6}.Debug|Any CPU.ActiveCfg = Debug|Any CPU
		{25017078-BDD0-45DB-B622-1E0F45A403B6}.Debug|Any CPU.Build.0 = Debug|Any CPU
		{25017078-BDD0-45DB-B622-1E0F45A403B6}.Release|Any CPU.ActiveCfg = Release|Any CPU
		{25017078-BDD0-45DB-B622-1E0F45A403B6}.Release|Any CPU.Build.0 = Release|Any CPU
		{4DDA4978-D114-4D29-8163-97E6493BA084}.Debug|Any CPU.ActiveCfg = Debug|Any CPU
		{4DDA4978-D114-4D29-8163-97E6493BA084}.Debug|Any CPU.Build.0 = Debug|Any CPU
		{4DDA4978-D114-4D29-8163-97E6493BA084}.Release|Any CPU.ActiveCfg = Release|Any CPU
		{4DDA4978-D114-4D29-8163-97E6493BA084}.Release|Any CPU.Build.0 = Release|Any CPU
		{CC986B4E-ACC1-4F8B-9B91-68868E6865E0}.Debug|Any CPU.ActiveCfg = Debug|Any CPU
		{CC986B4E-ACC1-4F8B-9B91-68868E6865E0}.Debug|Any CPU.Build.0 = Debug|Any CPU
		{CC986B4E-ACC1-4F8B-9B91-68868E6865E0}.Release|Any CPU.ActiveCfg = Release|Any CPU
		{CC986B4E-ACC1-4F8B-9B91-68868E6865E0}.Release|Any CPU.Build.0 = Release|Any CPU
		{9A2B0DE6-DF80-4C8E-B1F1-91ADD94A6F5C}.Debug|Any CPU.ActiveCfg = Debug|Any CPU
		{9A2B0DE6-DF80-4C8E-B1F1-91ADD94A6F5C}.Debug|Any CPU.Build.0 = Debug|Any CPU
		{9A2B0DE6-DF80-4C8E-B1F1-91ADD94A6F5C}.Release|Any CPU.ActiveCfg = Release|Any CPU
		{9A2B0DE6-DF80-4C8E-B1F1-91ADD94A6F5C}.Release|Any CPU.Build.0 = Release|Any CPU
		{F8904D89-8187-4E9D-B4F2-DA833F271168}.Debug|Any CPU.ActiveCfg = Debug|Any CPU
		{F8904D89-8187-4E9D-B4F2-DA833F271168}.Debug|Any CPU.Build.0 = Debug|Any CPU
		{F8904D89-8187-4E9D-B4F2-DA833F271168}.Release|Any CPU.ActiveCfg = Release|Any CPU
		{F8904D89-8187-4E9D-B4F2-DA833F271168}.Release|Any CPU.Build.0 = Release|Any CPU
		{0F1134D0-DFCE-4870-B8FD-06888A973328}.Debug|Any CPU.ActiveCfg = Debug|Any CPU
		{0F1134D0-DFCE-4870-B8FD-06888A973328}.Debug|Any CPU.Build.0 = Debug|Any CPU
		{0F1134D0-DFCE-4870-B8FD-06888A973328}.Release|Any CPU.ActiveCfg = Release|Any CPU
		{0F1134D0-DFCE-4870-B8FD-06888A973328}.Release|Any CPU.Build.0 = Release|Any CPU
		{5C22208C-9EFC-4D1B-AA1F-9E4E18FF9D7E}.Debug|Any CPU.ActiveCfg = Debug|Any CPU
		{5C22208C-9EFC-4D1B-AA1F-9E4E18FF9D7E}.Debug|Any CPU.Build.0 = Debug|Any CPU
		{5C22208C-9EFC-4D1B-AA1F-9E4E18FF9D7E}.Release|Any CPU.ActiveCfg = Release|Any CPU
		{5C22208C-9EFC-4D1B-AA1F-9E4E18FF9D7E}.Release|Any CPU.Build.0 = Release|Any CPU
		{6AF3AE1E-AD72-4492-891F-5F45C73861C2}.Debug|Any CPU.ActiveCfg = Debug|Any CPU
		{6AF3AE1E-AD72-4492-891F-5F45C73861C2}.Debug|Any CPU.Build.0 = Debug|Any CPU
		{6AF3AE1E-AD72-4492-891F-5F45C73861C2}.Release|Any CPU.ActiveCfg = Release|Any CPU
		{6AF3AE1E-AD72-4492-891F-5F45C73861C2}.Release|Any CPU.Build.0 = Release|Any CPU
		{288EB704-885C-4B54-B98D-1FE62B7F4508}.Debug|Any CPU.ActiveCfg = Debug|Any CPU
		{288EB704-885C-4B54-B98D-1FE62B7F4508}.Debug|Any CPU.Build.0 = Debug|Any CPU
		{288EB704-885C-4B54-B98D-1FE62B7F4508}.Release|Any CPU.ActiveCfg = Release|Any CPU
		{288EB704-885C-4B54-B98D-1FE62B7F4508}.Release|Any CPU.Build.0 = Release|Any CPU
		{DCF8C6C9-55F9-4844-9D48-400F5929CCF4}.Debug|Any CPU.ActiveCfg = Debug|Any CPU
		{DCF8C6C9-55F9-4844-9D48-400F5929CCF4}.Debug|Any CPU.Build.0 = Debug|Any CPU
		{DCF8C6C9-55F9-4844-9D48-400F5929CCF4}.Release|Any CPU.ActiveCfg = Release|Any CPU
		{DCF8C6C9-55F9-4844-9D48-400F5929CCF4}.Release|Any CPU.Build.0 = Release|Any CPU
		{EE3681EF-AE79-4599-A4D9-E364784FDE3F}.Debug|Any CPU.ActiveCfg = Debug|Any CPU
		{EE3681EF-AE79-4599-A4D9-E364784FDE3F}.Debug|Any CPU.Build.0 = Debug|Any CPU
		{EE3681EF-AE79-4599-A4D9-E364784FDE3F}.Release|Any CPU.ActiveCfg = Release|Any CPU
		{EE3681EF-AE79-4599-A4D9-E364784FDE3F}.Release|Any CPU.Build.0 = Release|Any CPU
		{6214F13C-1FDC-4442-9A86-BB3C4BC499CE}.Debug|Any CPU.ActiveCfg = Debug|Any CPU
		{6214F13C-1FDC-4442-9A86-BB3C4BC499CE}.Debug|Any CPU.Build.0 = Debug|Any CPU
		{6214F13C-1FDC-4442-9A86-BB3C4BC499CE}.Release|Any CPU.ActiveCfg = Release|Any CPU
		{6214F13C-1FDC-4442-9A86-BB3C4BC499CE}.Release|Any CPU.Build.0 = Release|Any CPU
		{D2874BF0-C839-4427-BA5E-DD64CC06B611}.Debug|Any CPU.ActiveCfg = Debug|Any CPU
		{D2874BF0-C839-4427-BA5E-DD64CC06B611}.Debug|Any CPU.Build.0 = Debug|Any CPU
		{D2874BF0-C839-4427-BA5E-DD64CC06B611}.Release|Any CPU.ActiveCfg = Release|Any CPU
		{D2874BF0-C839-4427-BA5E-DD64CC06B611}.Release|Any CPU.Build.0 = Release|Any CPU
		{CFCF2B73-35B5-446B-BE1D-3C99C36AC2BD}.Debug|Any CPU.ActiveCfg = Debug|Any CPU
		{CFCF2B73-35B5-446B-BE1D-3C99C36AC2BD}.Debug|Any CPU.Build.0 = Debug|Any CPU
		{CFCF2B73-35B5-446B-BE1D-3C99C36AC2BD}.Release|Any CPU.ActiveCfg = Release|Any CPU
		{CFCF2B73-35B5-446B-BE1D-3C99C36AC2BD}.Release|Any CPU.Build.0 = Release|Any CPU
	EndGlobalSection
	GlobalSection(SolutionProperties) = preSolution
		HideSolutionNode = FALSE
	EndGlobalSection
	GlobalSection(NestedProjects) = preSolution
		{25017078-BDD0-45DB-B622-1E0F45A403B6} = {2C2CC1B4-CF38-4F8B-9B7C-5DAEAD239557}
		{6249983F-7CF5-46CB-BB70-A585ACC30046} = {4925F3BA-82BB-4AEB-B930-3E3EDEF4A8AC}
		{4DDA4978-D114-4D29-8163-97E6493BA084} = {212AAB47-05AD-4C25-A412-14636AE0EDB6}
		{CC986B4E-ACC1-4F8B-9B91-68868E6865E0} = {04C28EDC-6EF4-4AAA-8D92-AF797EE53A6A}
		{9A2B0DE6-DF80-4C8E-B1F1-91ADD94A6F5C} = {6249983F-7CF5-46CB-BB70-A585ACC30046}
		{F8904D89-8187-4E9D-B4F2-DA833F271168} = {43E0CEA0-49D0-43B1-9630-46C7192743E2}
		{0F1134D0-DFCE-4870-B8FD-06888A973328} = {43E0CEA0-49D0-43B1-9630-46C7192743E2}
		{5C22208C-9EFC-4D1B-AA1F-9E4E18FF9D7E} = {6249983F-7CF5-46CB-BB70-A585ACC30046}
		{43E0CEA0-49D0-43B1-9630-46C7192743E2} = {4925F3BA-82BB-4AEB-B930-3E3EDEF4A8AC}
		{6AF3AE1E-AD72-4492-891F-5F45C73861C2} = {EFD9C581-44F3-403A-92C3-62E042E3DAC4}
		{288EB704-885C-4B54-B98D-1FE62B7F4508} = {2C2CC1B4-CF38-4F8B-9B7C-5DAEAD239557}
		{DCF8C6C9-55F9-4844-9D48-400F5929CCF4} = {EFD9C581-44F3-403A-92C3-62E042E3DAC4}
		{EE3681EF-AE79-4599-A4D9-E364784FDE3F} = {2C2CC1B4-CF38-4F8B-9B7C-5DAEAD239557}
		{6214F13C-1FDC-4442-9A86-BB3C4BC499CE} = {EFD9C581-44F3-403A-92C3-62E042E3DAC4}
		{D2874BF0-C839-4427-BA5E-DD64CC06B611} = {2C2CC1B4-CF38-4F8B-9B7C-5DAEAD239557}
		{CFCF2B73-35B5-446B-BE1D-3C99C36AC2BD} = {06E20EE9-6078-4A8D-92C3-A99F987F3523}
	EndGlobalSection
	GlobalSection(ExtensibilityGlobals) = postSolution
		SolutionGuid = {C6653060-E55E-44F1-8F66-F383F05E792D}
	EndGlobalSection
EndGlobal
